
Microsoft Visual Studio Solution File, Format Version 12.00
# Visual Studio Version 16
VisualStudioVersion = 16.0.29411.108
MinimumVisualStudioVersion = 10.0.40219.1
Project("{FAE04EC0-301F-11D3-BF4B-00C04F79EFBC}") = "Capstone", "Capstone.csproj", "{78498FB8-9378-491E-9539-A12EEF667FD2}"
EndProject
Global
	GlobalSection(SolutionConfigurationPlatforms) = preSolution
		Debug|Any CPU = Debug|Any CPU
		Release|Any CPU = Release|Any CPU
	EndGlobalSection
	GlobalSection(ProjectConfigurationPlatforms) = postSolution
		{78498FB8-9378-491E-9539-A12EEF667FD2}.Debug|Any CPU.ActiveCfg = Debug|Any CPU
		{78498FB8-9378-491E-9539-A12EEF667FD2}.Debug|Any CPU.Build.0 = Debug|Any CPU
		{78498FB8-9378-491E-9539-A12EEF667FD2}.Release|Any CPU.ActiveCfg = Release|Any CPU
		{78498FB8-9378-491E-9539-A12EEF667FD2}.Release|Any CPU.Build.0 = Release|Any CPU
	EndGlobalSection
	GlobalSection(SolutionProperties) = preSolution
		HideSolutionNode = FALSE
	EndGlobalSection
	GlobalSection(ExtensibilityGlobals) = postSolution
		SolutionGuid = {966A20D0-5EA9-48DC-89D8-9375D11707C7}
	EndGlobalSection
EndGlobal
